
Microsoft Visual Studio Solution File, Format Version 12.00
# Visual Studio Version 17
VisualStudioVersion = 17.5.33530.505
MinimumVisualStudioVersion = 10.0.40219.1
Project("{FAE04EC0-301F-11D3-BF4B-00C04F79EFBC}") = "FinalHomework", "FinalHomework\FinalHomework.csproj", "{BFDA4AD9-2D84-4C1B-B8A4-8074301B5F44}"
EndProject
Global
	GlobalSection(SolutionConfigurationPlatforms) = preSolution
		Debug|Any CPU = Debug|Any CPU
		Release|Any CPU = Release|Any CPU
	EndGlobalSection
	GlobalSection(ProjectConfigurationPlatforms) = postSolution
		{BFDA4AD9-2D84-4C1B-B8A4-8074301B5F44}.Debug|Any CPU.ActiveCfg = Debug|Any CPU
		{BFDA4AD9-2D84-4C1B-B8A4-8074301B5F44}.Debug|Any CPU.Build.0 = Debug|Any CPU
		{BFDA4AD9-2D84-4C1B-B8A4-8074301B5F44}.Release|Any CPU.ActiveCfg = Release|Any CPU
		{BFDA4AD9-2D84-4C1B-B8A4-8074301B5F44}.Release|Any CPU.Build.0 = Release|Any CPU
	EndGlobalSection
	GlobalSection(SolutionProperties) = preSolution
		HideSolutionNode = FALSE
	EndGlobalSection
	GlobalSection(ExtensibilityGlobals) = postSolution
		SolutionGuid = {0739D4B0-AE33-4621-BEE1-3A340DA018ED}
	EndGlobalSection
EndGlobal
